
Microsoft Visual Studio Solution File, Format Version 12.00
# Visual Studio 15
VisualStudioVersion = 15.0.28307.645
MinimumVisualStudioVersion = 10.0.40219.1
Project("{9A19103F-16F7-4668-BE54-9A1E7A4F7556}") = "Byt3.Serialization", "Libraries\Byt3.Serialization\Byt3.Serialization.csproj", "{82B2E9A8-5A6F-42CE-847E-EF3CF4EB32F3}"
EndProject
Project("{9A19103F-16F7-4668-BE54-9A1E7A4F7556}") = "Byt3.PackageHandling", "Libraries\Byt3.PackageHandling\Byt3.PackageHandling.csproj", "{D4F87B8F-50AE-4BEA-9D7D-AE61660C9587}"
EndProject
Project("{2150E333-8FDC-42A3-9474-1A3956D46DE8}") = "UnitTests", "UnitTests", "{68DFEF09-1EA9-4127-9FD8-05EED1F974C7}"
EndProject
Project("{9A19103F-16F7-4668-BE54-9A1E7A4F7556}") = "Byt3.ObjectPipeline", "Libraries\Byt3.ObjectPipeline\Byt3.ObjectPipeline\Byt3.ObjectPipeline.csproj", "{B456A960-DDCB-4937-A1F8-6AA963DD561A}"
EndProject
Project("{9A19103F-16F7-4668-BE54-9A1E7A4F7556}") = "Byt3.ObjectPipeline.AssetLoaderFramework", "Libraries\Byt3.ObjectPipeline\Byt3.ObjectPipeline.AssetLoaderFramework\Byt3.ObjectPipeline.AssetLoaderFramework.csproj", "{9420BD3B-E41C-4646-BE00-B5B59B37B66C}"
EndProject
Project("{9A19103F-16F7-4668-BE54-9A1E7A4F7556}") = "Byt3.Threading", "Libraries\Byt3.Threading\Byt3.Threading.csproj", "{D1B664B0-1742-44B5-BEAF-C88B3B12B402}"
EndProject
Project("{9A19103F-16F7-4668-BE54-9A1E7A4F7556}") = "Byt3.ObjectPipeline.Threading", "Libraries\Byt3.ObjectPipeline\Byt3.ObjectPipeline.Threading\Byt3.ObjectPipeline.Threading.csproj", "{14E8DAA6-9557-47BA-9066-0D2ACFD6BDE7}"
EndProject
Project("{9A19103F-16F7-4668-BE54-9A1E7A4F7556}") = "TestingProject", "Consoles\TestingProject\TestingProject.csproj", "{14090BFB-5064-4C0F-8CBF-991FB2A491A6}"
EndProject
Project("{9A19103F-16F7-4668-BE54-9A1E7A4F7556}") = "Byt3.AssemblyGenerator", "Libraries\Byt3.AssemblyGenerator\Byt3.AssemblyGenerator\Byt3.AssemblyGenerator.csproj", "{A3737936-8500-4976-8E8E-10F9B89E34FF}"
EndProject
Project("{9A19103F-16F7-4668-BE54-9A1E7A4F7556}") = "Byt3.CommandRunner", "Libraries\Byt3.CommandRunner\Byt3.CommandRunner.csproj", "{9D91988D-6FA8-4968-B967-CE9746A0A0FC}"
EndProject
Project("{9A19103F-16F7-4668-BE54-9A1E7A4F7556}") = "Byt3.Utilities.Serialization", "Utilities\Byt3.Utilities.Serialization\Byt3.Utilities.Serialization.csproj", "{55B3BD2B-1ABB-4ED0-B24D-4828D83AC824}"
EndProject
Project("{9A19103F-16F7-4668-BE54-9A1E7A4F7556}") = "Byt3.Utilities.DotNet", "Utilities\Byt3.Utilities.DotNet\Byt3.Utilities.DotNet.csproj", "{5611097C-4C31-400D-A084-CE78F03A5C07}"
EndProject
Project("{9A19103F-16F7-4668-BE54-9A1E7A4F7556}") = "Byt3.Utilities.Threading", "Utilities\Byt3.Utilities.Threading\Byt3.Utilities.Threading.csproj", "{593025BB-C9DF-448E-B576-238AE96DC6D2}"
EndProject
Project("{2150E333-8FDC-42A3-9474-1A3956D46DE8}") = "Utilities", "Utilities", "{D86E5395-8C96-4F3D-A419-B5DC6BA581DA}"
EndProject
Project("{2150E333-8FDC-42A3-9474-1A3956D46DE8}") = "Consoles", "Consoles", "{A26AFFA5-E059-46E3-8F9D-3B2A7F01367E}"
EndProject
Project("{2150E333-8FDC-42A3-9474-1A3956D46DE8}") = "Libraries", "Libraries", "{9FFEA284-A8F7-4608-8A05-71452E9A04BE}"
EndProject
Project("{9A19103F-16F7-4668-BE54-9A1E7A4F7556}") = "Byt3.Collections", "Libraries\Byt3.Collections\Byt3.Collections.csproj", "{E7A6768E-D1A9-4914-95C7-13F41D545CA3}"
EndProject
Project("{9A19103F-16F7-4668-BE54-9A1E7A4F7556}") = "Byt3.OpenCL.Wrapper", "Libraries\Byt3.OpenCL\Byt3.OpenCL.Wrapper\Byt3.OpenCL.Wrapper.csproj", "{0CD2125E-64CC-4D00-BD93-A93EF39B8740}"
EndProject
Project("{9A19103F-16F7-4668-BE54-9A1E7A4F7556}") = "Byt3.OpenCL", "Libraries\Byt3.OpenCL\Byt3.OpenCL\Byt3.OpenCL.csproj", "{0C7E089A-A090-4EA3-B595-713925D8DA6E}"
EndProject
Project("{2150E333-8FDC-42A3-9474-1A3956D46DE8}") = "ADL", "ADL", "{C3FE40B2-D9C0-4C6B-8109-9E540A7E61D4}"
EndProject
Project("{9A19103F-16F7-4668-BE54-9A1E7A4F7556}") = "Byt3.ADL", "Libraries\Byt3.ADL\Byt3.ADL\Byt3.ADL.csproj", "{A509590E-6992-4B18-A5E0-F839A42DA31C}"
EndProject
Project("{9A19103F-16F7-4668-BE54-9A1E7A4F7556}") = "Byt3.ADL.Crash", "Libraries\Byt3.ADL\Byt3.ADL.Crash\Byt3.ADL.Crash.csproj", "{6B073E89-A439-483F-97D1-A7293EFC01D1}"
EndProject
Project("{2150E333-8FDC-42A3-9474-1A3956D46DE8}") = "ExtPP", "ExtPP", "{7594EC1A-0030-4F00-96F5-5A60446B2419}"
EndProject
Project("{9A19103F-16F7-4668-BE54-9A1E7A4F7556}") = "Byt3.ExtPP", "Libraries\Byt3.ExtPP\Byt3.ExtPP\Byt3.ExtPP.csproj", "{1C6503B9-0151-4BD4-947E-BFC13DA3E5BB}"
EndProject
Project("{9A19103F-16F7-4668-BE54-9A1E7A4F7556}") = "Byt3.ExtPP.Base", "Libraries\Byt3.ExtPP\Byt3.ExtPP.Base\Byt3.ExtPP.Base.csproj", "{E1BB5026-953B-4764-85B6-85714343B3D1}"
EndProject
Project("{9A19103F-16F7-4668-BE54-9A1E7A4F7556}") = "Byt3.ExtPP.Plugins", "Libraries\Byt3.ExtPP\Byt3.ExtPP.Plugins\Byt3.ExtPP.Plugins.csproj", "{BC19F39E-9BC9-409E-9E9E-3AADA8E78ECD}"
EndProject
Project("{9A19103F-16F7-4668-BE54-9A1E7A4F7556}") = "Byt3.ExtPP.Console", "Libraries\Byt3.ExtPP\Byt3.ExtPP.Console\Byt3.ExtPP.Console.csproj", "{E464DD5B-C5FD-4C32-BA56-7528E7961E2E}"
EndProject
Project("{9A19103F-16F7-4668-BE54-9A1E7A4F7556}") = "Byt3.Callbacks", "Utilities\Byt3.Callbacks\Byt3.Callbacks.csproj", "{07FBEEED-BFB0-4622-AA56-9419C2007C61}"
EndProject
Project("{2150E333-8FDC-42A3-9474-1A3956D46DE8}") = "OpenFL", "OpenFL", "{93DA3EFA-FEF7-4454-AAF3-B17C099F3FBD}"
EndProject
Project("{2150E333-8FDC-42A3-9474-1A3956D46DE8}") = "OpenCL", "OpenCL", "{BA9AB830-DAA2-4192-B710-BB30A61863B2}"
EndProject
Project("{2150E333-8FDC-42A3-9474-1A3956D46DE8}") = "ObjectPipeline", "ObjectPipeline", "{09FD3D79-73C2-4C66-A356-48BD341A81F2}"
EndProject
Project("{9A19103F-16F7-4668-BE54-9A1E7A4F7556}") = "Byt3.OpenFL.Threading", "Libraries\Byt3.OpenFL\Byt3.OpenFL.Threading\Byt3.OpenFL.Threading.csproj", "{3B7F6566-E7D0-466B-92CB-A74715F733FE}"
EndProject
Project("{9A19103F-16F7-4668-BE54-9A1E7A4F7556}") = "Byt3.ExtPP.API", "Libraries\Byt3.ExtPP\Byt3.ExtPP.API\Byt3.ExtPP.API.csproj", "{4AD90956-586B-4383-BC91-D1B9EB8308D7}"
EndProject
Project("{9A19103F-16F7-4668-BE54-9A1E7A4F7556}") = "Byt3.Utilities.Exceptions", "Utilities\Byt3.Utilities.Exceptions\Byt3.Utilities.Exceptions.csproj", "{610D3371-B0CD-4638-9BD9-D76C07F6589C}"
EndProject
Project("{9A19103F-16F7-4668-BE54-9A1E7A4F7556}") = "Byt3.OpenFL.Parsing", "Libraries\Byt3.OpenFL\Byt3.OpenFL.Parsing\Byt3.OpenFL.Parsing.csproj", "{48B0B6C3-B010-4766-9F43-22B11D7D06F2}"
EndProject
Project("{9A19103F-16F7-4668-BE54-9A1E7A4F7556}") = "Byt3.ADL.Tests", "UnitTests\Byt3.ADL.Tests\Byt3.ADL.Tests.csproj", "{136C803B-7C4F-4028-922A-E8FCD046D7D3}"
EndProject
Project("{9A19103F-16F7-4668-BE54-9A1E7A4F7556}") = "Byt3.ExtPP.Tests", "UnitTests\Byt3.ExtPP.Tests\Byt3.ExtPP.Tests.csproj", "{9E8890A9-6ABB-41A6-BBEC-F95269A74AFC}"
EndProject
Project("{9A19103F-16F7-4668-BE54-9A1E7A4F7556}") = "Byt3.ObjectPipeline.AssetLoaderFramework.Tests", "UnitTests\Byt3.ObjectPipeline.AssetLoaderFramework.Tests\Byt3.ObjectPipeline.AssetLoaderFramework.Tests.csproj", "{43C95602-5115-45E7-81F6-61B509C99141}"
EndProject
Project("{9A19103F-16F7-4668-BE54-9A1E7A4F7556}") = "Byt3.ObjectPipeline.Tests", "UnitTests\Byt3.ObjectPipeline.Tests\Byt3.ObjectPipeline.Tests.csproj", "{1179566D-5D38-47B2-AE04-515A0FC36E6F}"
EndProject
Project("{9A19103F-16F7-4668-BE54-9A1E7A4F7556}") = "Byt3.OpenCL.Tests", "UnitTests\Byt3.OpenCL.Tests\Byt3.OpenCL.Tests.csproj", "{3F3C1D87-FF09-48C8-8363-42794B0196FD}"
EndProject
Project("{9A19103F-16F7-4668-BE54-9A1E7A4F7556}") = "Byt3.OpenFL.Tests", "UnitTests\Byt3.OpenFL.Tests\Byt3.OpenFL.Tests.csproj", "{8DBEC5F3-5999-4676-8CD3-0682CBFCCE46}"
EndProject
Project("{9A19103F-16F7-4668-BE54-9A1E7A4F7556}") = "Byt3.PackageHandling.Tests", "UnitTests\Byt3.PackageHandling.Tests\Byt3.PackageHandling.Tests.csproj", "{28362F22-AE06-4A9D-991C-45916C64DAAC}"
EndProject
Project("{9A19103F-16F7-4668-BE54-9A1E7A4F7556}") = "Byt3.Serialization.Tests", "UnitTests\Byt3.Serialization.Tests\Byt3.Serialization.Tests.csproj", "{145D74B1-C4E0-4F5A-B88F-1F27C8EF4A15}"
EndProject
Project("{9A19103F-16F7-4668-BE54-9A1E7A4F7556}") = "Byt3.OpenFL.Common", "Libraries\Byt3.OpenFL\Byt3.OpenFL.Common\Byt3.OpenFL.Common.csproj", "{21F74F6D-1F1C-4D62-A962-8AE6AC2F609B}"
EndProject
Project("{9A19103F-16F7-4668-BE54-9A1E7A4F7556}") = "Byt3.OpenFL.Serialization", "Libraries\Byt3.OpenFL\Byt3.OpenFL.Serialization\Byt3.OpenFL.Serialization.csproj", "{0ADB2995-2D63-4BBD-987D-1FCD818042F9}"
EndProject
Project("{2150E333-8FDC-42A3-9474-1A3956D46DE8}") = "AssemblyGenerator", "AssemblyGenerator", "{18D1B2CC-DCCA-446D-A0C0-604D59742C7D}"
EndProject
Project("{9A19103F-16F7-4668-BE54-9A1E7A4F7556}") = "Byt3.AssemblyGenerator.Console", "Libraries\Byt3.AssemblyGenerator\Byt3.AssemblyGenerator.Console\Byt3.AssemblyGenerator.Console.csproj", "{60E4783E-EC8C-480F-BA58-CC6C6661F8DE}"
EndProject
Project("{9A19103F-16F7-4668-BE54-9A1E7A4F7556}") = "Byt3.OpenFL.Console", "Libraries\Byt3.OpenFL\Byt3.OpenFL.Console\Byt3.OpenFL.Console.csproj", "{AB76472D-FC57-4C5D-B64D-0176F8977717}"
EndProject
Project("{9A19103F-16F7-4668-BE54-9A1E7A4F7556}") = "Byt3.VersionHelper.Console", "Libraries\Byt3.VersionHelper.Console\Byt3.VersionHelper.Console.csproj", "{C8431B9D-AD6E-402D-B323-D6DE80278955}"
EndProject
Project("{9A19103F-16F7-4668-BE54-9A1E7A4F7556}") = "Byt3.Utilities.Versioning", "Utilities\Byt3.Utilities.Versioning\Byt3.Utilities.Versioning.csproj", "{6CEA27B4-0A5F-44DD-B168-17DE1EBC6B43}"
EndProject
Project("{FAE04EC0-301F-11D3-BF4B-00C04F79EFBC}") = "Byt3.Utilities.IL", "Utilities\Byt3.Utilities.IL\Byt3.Utilities.IL.csproj", "{461F8B25-CF15-4F94-AF39-CCA7ABD06284}"
EndProject
Project("{FAE04EC0-301F-11D3-BF4B-00C04F79EFBC}") = "Byt3.MAssert", "Libraries\Byt3.MAssert\Byt3.MAssert.csproj", "{098D9F59-A19D-438D-A16C-CAAF16E88E2F}"
EndProject
Global
	GlobalSection(SolutionConfigurationPlatforms) = preSolution
		Debug|Any CPU = Debug|Any CPU
		Release|Any CPU = Release|Any CPU
	EndGlobalSection
	GlobalSection(ProjectConfigurationPlatforms) = postSolution
		{82B2E9A8-5A6F-42CE-847E-EF3CF4EB32F3}.Debug|Any CPU.ActiveCfg = Debug|Any CPU
		{82B2E9A8-5A6F-42CE-847E-EF3CF4EB32F3}.Debug|Any CPU.Build.0 = Debug|Any CPU
		{82B2E9A8-5A6F-42CE-847E-EF3CF4EB32F3}.Release|Any CPU.ActiveCfg = Release|Any CPU
		{82B2E9A8-5A6F-42CE-847E-EF3CF4EB32F3}.Release|Any CPU.Build.0 = Release|Any CPU
		{D4F87B8F-50AE-4BEA-9D7D-AE61660C9587}.Debug|Any CPU.ActiveCfg = Debug|Any CPU
		{D4F87B8F-50AE-4BEA-9D7D-AE61660C9587}.Debug|Any CPU.Build.0 = Debug|Any CPU
		{D4F87B8F-50AE-4BEA-9D7D-AE61660C9587}.Release|Any CPU.ActiveCfg = Release|Any CPU
		{D4F87B8F-50AE-4BEA-9D7D-AE61660C9587}.Release|Any CPU.Build.0 = Release|Any CPU
		{B456A960-DDCB-4937-A1F8-6AA963DD561A}.Debug|Any CPU.ActiveCfg = Debug|Any CPU
		{B456A960-DDCB-4937-A1F8-6AA963DD561A}.Debug|Any CPU.Build.0 = Debug|Any CPU
		{B456A960-DDCB-4937-A1F8-6AA963DD561A}.Release|Any CPU.ActiveCfg = Release|Any CPU
		{B456A960-DDCB-4937-A1F8-6AA963DD561A}.Release|Any CPU.Build.0 = Release|Any CPU
		{9420BD3B-E41C-4646-BE00-B5B59B37B66C}.Debug|Any CPU.ActiveCfg = Debug|Any CPU
		{9420BD3B-E41C-4646-BE00-B5B59B37B66C}.Debug|Any CPU.Build.0 = Debug|Any CPU
		{9420BD3B-E41C-4646-BE00-B5B59B37B66C}.Release|Any CPU.ActiveCfg = Release|Any CPU
		{9420BD3B-E41C-4646-BE00-B5B59B37B66C}.Release|Any CPU.Build.0 = Release|Any CPU
		{D1B664B0-1742-44B5-BEAF-C88B3B12B402}.Debug|Any CPU.ActiveCfg = Debug|Any CPU
		{D1B664B0-1742-44B5-BEAF-C88B3B12B402}.Debug|Any CPU.Build.0 = Debug|Any CPU
		{D1B664B0-1742-44B5-BEAF-C88B3B12B402}.Release|Any CPU.ActiveCfg = Release|Any CPU
		{D1B664B0-1742-44B5-BEAF-C88B3B12B402}.Release|Any CPU.Build.0 = Release|Any CPU
		{14E8DAA6-9557-47BA-9066-0D2ACFD6BDE7}.Debug|Any CPU.ActiveCfg = Debug|Any CPU
		{14E8DAA6-9557-47BA-9066-0D2ACFD6BDE7}.Debug|Any CPU.Build.0 = Debug|Any CPU
		{14E8DAA6-9557-47BA-9066-0D2ACFD6BDE7}.Release|Any CPU.ActiveCfg = Release|Any CPU
		{14E8DAA6-9557-47BA-9066-0D2ACFD6BDE7}.Release|Any CPU.Build.0 = Release|Any CPU
		{14090BFB-5064-4C0F-8CBF-991FB2A491A6}.Debug|Any CPU.ActiveCfg = Debug|Any CPU
		{14090BFB-5064-4C0F-8CBF-991FB2A491A6}.Debug|Any CPU.Build.0 = Debug|Any CPU
		{14090BFB-5064-4C0F-8CBF-991FB2A491A6}.Release|Any CPU.ActiveCfg = Release|Any CPU
		{14090BFB-5064-4C0F-8CBF-991FB2A491A6}.Release|Any CPU.Build.0 = Release|Any CPU
		{A3737936-8500-4976-8E8E-10F9B89E34FF}.Debug|Any CPU.ActiveCfg = Debug|Any CPU
		{A3737936-8500-4976-8E8E-10F9B89E34FF}.Debug|Any CPU.Build.0 = Debug|Any CPU
		{A3737936-8500-4976-8E8E-10F9B89E34FF}.Release|Any CPU.ActiveCfg = Release|Any CPU
		{A3737936-8500-4976-8E8E-10F9B89E34FF}.Release|Any CPU.Build.0 = Release|Any CPU
		{9D91988D-6FA8-4968-B967-CE9746A0A0FC}.Debug|Any CPU.ActiveCfg = Debug|Any CPU
		{9D91988D-6FA8-4968-B967-CE9746A0A0FC}.Debug|Any CPU.Build.0 = Debug|Any CPU
		{9D91988D-6FA8-4968-B967-CE9746A0A0FC}.Release|Any CPU.ActiveCfg = Release|Any CPU
		{9D91988D-6FA8-4968-B967-CE9746A0A0FC}.Release|Any CPU.Build.0 = Release|Any CPU
		{55B3BD2B-1ABB-4ED0-B24D-4828D83AC824}.Debug|Any CPU.ActiveCfg = Debug|Any CPU
		{55B3BD2B-1ABB-4ED0-B24D-4828D83AC824}.Debug|Any CPU.Build.0 = Debug|Any CPU
		{55B3BD2B-1ABB-4ED0-B24D-4828D83AC824}.Release|Any CPU.ActiveCfg = Release|Any CPU
		{55B3BD2B-1ABB-4ED0-B24D-4828D83AC824}.Release|Any CPU.Build.0 = Release|Any CPU
		{5611097C-4C31-400D-A084-CE78F03A5C07}.Debug|Any CPU.ActiveCfg = Debug|Any CPU
		{5611097C-4C31-400D-A084-CE78F03A5C07}.Debug|Any CPU.Build.0 = Debug|Any CPU
		{5611097C-4C31-400D-A084-CE78F03A5C07}.Release|Any CPU.ActiveCfg = Release|Any CPU
		{5611097C-4C31-400D-A084-CE78F03A5C07}.Release|Any CPU.Build.0 = Release|Any CPU
		{593025BB-C9DF-448E-B576-238AE96DC6D2}.Debug|Any CPU.ActiveCfg = Debug|Any CPU
		{593025BB-C9DF-448E-B576-238AE96DC6D2}.Debug|Any CPU.Build.0 = Debug|Any CPU
		{593025BB-C9DF-448E-B576-238AE96DC6D2}.Release|Any CPU.ActiveCfg = Release|Any CPU
		{593025BB-C9DF-448E-B576-238AE96DC6D2}.Release|Any CPU.Build.0 = Release|Any CPU
		{E7A6768E-D1A9-4914-95C7-13F41D545CA3}.Debug|Any CPU.ActiveCfg = Debug|Any CPU
		{E7A6768E-D1A9-4914-95C7-13F41D545CA3}.Debug|Any CPU.Build.0 = Debug|Any CPU
		{E7A6768E-D1A9-4914-95C7-13F41D545CA3}.Release|Any CPU.ActiveCfg = Release|Any CPU
		{E7A6768E-D1A9-4914-95C7-13F41D545CA3}.Release|Any CPU.Build.0 = Release|Any CPU
		{0CD2125E-64CC-4D00-BD93-A93EF39B8740}.Debug|Any CPU.ActiveCfg = Debug|Any CPU
		{0CD2125E-64CC-4D00-BD93-A93EF39B8740}.Debug|Any CPU.Build.0 = Debug|Any CPU
		{0CD2125E-64CC-4D00-BD93-A93EF39B8740}.Release|Any CPU.ActiveCfg = Release|Any CPU
		{0CD2125E-64CC-4D00-BD93-A93EF39B8740}.Release|Any CPU.Build.0 = Release|Any CPU
		{0C7E089A-A090-4EA3-B595-713925D8DA6E}.Debug|Any CPU.ActiveCfg = Debug|Any CPU
		{0C7E089A-A090-4EA3-B595-713925D8DA6E}.Debug|Any CPU.Build.0 = Debug|Any CPU
		{0C7E089A-A090-4EA3-B595-713925D8DA6E}.Release|Any CPU.ActiveCfg = Release|Any CPU
		{0C7E089A-A090-4EA3-B595-713925D8DA6E}.Release|Any CPU.Build.0 = Release|Any CPU
		{A509590E-6992-4B18-A5E0-F839A42DA31C}.Debug|Any CPU.ActiveCfg = Debug|Any CPU
		{A509590E-6992-4B18-A5E0-F839A42DA31C}.Debug|Any CPU.Build.0 = Debug|Any CPU
		{A509590E-6992-4B18-A5E0-F839A42DA31C}.Release|Any CPU.ActiveCfg = Release|Any CPU
		{A509590E-6992-4B18-A5E0-F839A42DA31C}.Release|Any CPU.Build.0 = Release|Any CPU
		{6B073E89-A439-483F-97D1-A7293EFC01D1}.Debug|Any CPU.ActiveCfg = Debug|Any CPU
		{6B073E89-A439-483F-97D1-A7293EFC01D1}.Debug|Any CPU.Build.0 = Debug|Any CPU
		{6B073E89-A439-483F-97D1-A7293EFC01D1}.Release|Any CPU.ActiveCfg = Release|Any CPU
		{6B073E89-A439-483F-97D1-A7293EFC01D1}.Release|Any CPU.Build.0 = Release|Any CPU
		{1C6503B9-0151-4BD4-947E-BFC13DA3E5BB}.Debug|Any CPU.ActiveCfg = Debug|Any CPU
		{1C6503B9-0151-4BD4-947E-BFC13DA3E5BB}.Debug|Any CPU.Build.0 = Debug|Any CPU
		{1C6503B9-0151-4BD4-947E-BFC13DA3E5BB}.Release|Any CPU.ActiveCfg = Release|Any CPU
		{1C6503B9-0151-4BD4-947E-BFC13DA3E5BB}.Release|Any CPU.Build.0 = Release|Any CPU
		{E1BB5026-953B-4764-85B6-85714343B3D1}.Debug|Any CPU.ActiveCfg = Debug|Any CPU
		{E1BB5026-953B-4764-85B6-85714343B3D1}.Debug|Any CPU.Build.0 = Debug|Any CPU
		{E1BB5026-953B-4764-85B6-85714343B3D1}.Release|Any CPU.ActiveCfg = Release|Any CPU
		{E1BB5026-953B-4764-85B6-85714343B3D1}.Release|Any CPU.Build.0 = Release|Any CPU
		{BC19F39E-9BC9-409E-9E9E-3AADA8E78ECD}.Debug|Any CPU.ActiveCfg = Debug|Any CPU
		{BC19F39E-9BC9-409E-9E9E-3AADA8E78ECD}.Debug|Any CPU.Build.0 = Debug|Any CPU
		{BC19F39E-9BC9-409E-9E9E-3AADA8E78ECD}.Release|Any CPU.ActiveCfg = Release|Any CPU
		{BC19F39E-9BC9-409E-9E9E-3AADA8E78ECD}.Release|Any CPU.Build.0 = Release|Any CPU
		{E464DD5B-C5FD-4C32-BA56-7528E7961E2E}.Debug|Any CPU.ActiveCfg = Debug|Any CPU
		{E464DD5B-C5FD-4C32-BA56-7528E7961E2E}.Debug|Any CPU.Build.0 = Debug|Any CPU
		{E464DD5B-C5FD-4C32-BA56-7528E7961E2E}.Release|Any CPU.ActiveCfg = Release|Any CPU
		{E464DD5B-C5FD-4C32-BA56-7528E7961E2E}.Release|Any CPU.Build.0 = Release|Any CPU
		{07FBEEED-BFB0-4622-AA56-9419C2007C61}.Debug|Any CPU.ActiveCfg = Debug|Any CPU
		{07FBEEED-BFB0-4622-AA56-9419C2007C61}.Debug|Any CPU.Build.0 = Debug|Any CPU
		{07FBEEED-BFB0-4622-AA56-9419C2007C61}.Release|Any CPU.ActiveCfg = Release|Any CPU
		{07FBEEED-BFB0-4622-AA56-9419C2007C61}.Release|Any CPU.Build.0 = Release|Any CPU
		{3B7F6566-E7D0-466B-92CB-A74715F733FE}.Debug|Any CPU.ActiveCfg = Debug|Any CPU
		{3B7F6566-E7D0-466B-92CB-A74715F733FE}.Debug|Any CPU.Build.0 = Debug|Any CPU
		{3B7F6566-E7D0-466B-92CB-A74715F733FE}.Release|Any CPU.ActiveCfg = Release|Any CPU
		{3B7F6566-E7D0-466B-92CB-A74715F733FE}.Release|Any CPU.Build.0 = Release|Any CPU
		{4AD90956-586B-4383-BC91-D1B9EB8308D7}.Debug|Any CPU.ActiveCfg = Debug|Any CPU
		{4AD90956-586B-4383-BC91-D1B9EB8308D7}.Debug|Any CPU.Build.0 = Debug|Any CPU
		{4AD90956-586B-4383-BC91-D1B9EB8308D7}.Release|Any CPU.ActiveCfg = Release|Any CPU
		{4AD90956-586B-4383-BC91-D1B9EB8308D7}.Release|Any CPU.Build.0 = Release|Any CPU
		{610D3371-B0CD-4638-9BD9-D76C07F6589C}.Debug|Any CPU.ActiveCfg = Debug|Any CPU
		{610D3371-B0CD-4638-9BD9-D76C07F6589C}.Debug|Any CPU.Build.0 = Debug|Any CPU
		{610D3371-B0CD-4638-9BD9-D76C07F6589C}.Release|Any CPU.ActiveCfg = Release|Any CPU
		{610D3371-B0CD-4638-9BD9-D76C07F6589C}.Release|Any CPU.Build.0 = Release|Any CPU
		{48B0B6C3-B010-4766-9F43-22B11D7D06F2}.Debug|Any CPU.ActiveCfg = Debug|Any CPU
		{48B0B6C3-B010-4766-9F43-22B11D7D06F2}.Debug|Any CPU.Build.0 = Debug|Any CPU
		{48B0B6C3-B010-4766-9F43-22B11D7D06F2}.Release|Any CPU.ActiveCfg = Release|Any CPU
		{48B0B6C3-B010-4766-9F43-22B11D7D06F2}.Release|Any CPU.Build.0 = Release|Any CPU
		{136C803B-7C4F-4028-922A-E8FCD046D7D3}.Debug|Any CPU.ActiveCfg = Debug|Any CPU
		{136C803B-7C4F-4028-922A-E8FCD046D7D3}.Debug|Any CPU.Build.0 = Debug|Any CPU
		{136C803B-7C4F-4028-922A-E8FCD046D7D3}.Release|Any CPU.ActiveCfg = Release|Any CPU
		{136C803B-7C4F-4028-922A-E8FCD046D7D3}.Release|Any CPU.Build.0 = Release|Any CPU
		{9E8890A9-6ABB-41A6-BBEC-F95269A74AFC}.Debug|Any CPU.ActiveCfg = Debug|Any CPU
		{9E8890A9-6ABB-41A6-BBEC-F95269A74AFC}.Debug|Any CPU.Build.0 = Debug|Any CPU
		{9E8890A9-6ABB-41A6-BBEC-F95269A74AFC}.Release|Any CPU.ActiveCfg = Release|Any CPU
		{9E8890A9-6ABB-41A6-BBEC-F95269A74AFC}.Release|Any CPU.Build.0 = Release|Any CPU
		{43C95602-5115-45E7-81F6-61B509C99141}.Debug|Any CPU.ActiveCfg = Debug|Any CPU
		{43C95602-5115-45E7-81F6-61B509C99141}.Debug|Any CPU.Build.0 = Debug|Any CPU
		{43C95602-5115-45E7-81F6-61B509C99141}.Release|Any CPU.ActiveCfg = Release|Any CPU
		{43C95602-5115-45E7-81F6-61B509C99141}.Release|Any CPU.Build.0 = Release|Any CPU
		{1179566D-5D38-47B2-AE04-515A0FC36E6F}.Debug|Any CPU.ActiveCfg = Debug|Any CPU
		{1179566D-5D38-47B2-AE04-515A0FC36E6F}.Debug|Any CPU.Build.0 = Debug|Any CPU
		{1179566D-5D38-47B2-AE04-515A0FC36E6F}.Release|Any CPU.ActiveCfg = Release|Any CPU
		{1179566D-5D38-47B2-AE04-515A0FC36E6F}.Release|Any CPU.Build.0 = Release|Any CPU
		{3F3C1D87-FF09-48C8-8363-42794B0196FD}.Debug|Any CPU.ActiveCfg = Debug|Any CPU
		{3F3C1D87-FF09-48C8-8363-42794B0196FD}.Debug|Any CPU.Build.0 = Debug|Any CPU
		{3F3C1D87-FF09-48C8-8363-42794B0196FD}.Release|Any CPU.ActiveCfg = Release|Any CPU
		{3F3C1D87-FF09-48C8-8363-42794B0196FD}.Release|Any CPU.Build.0 = Release|Any CPU
		{8DBEC5F3-5999-4676-8CD3-0682CBFCCE46}.Debug|Any CPU.ActiveCfg = Debug|Any CPU
		{8DBEC5F3-5999-4676-8CD3-0682CBFCCE46}.Debug|Any CPU.Build.0 = Debug|Any CPU
		{8DBEC5F3-5999-4676-8CD3-0682CBFCCE46}.Release|Any CPU.ActiveCfg = Release|Any CPU
		{8DBEC5F3-5999-4676-8CD3-0682CBFCCE46}.Release|Any CPU.Build.0 = Release|Any CPU
		{28362F22-AE06-4A9D-991C-45916C64DAAC}.Debug|Any CPU.ActiveCfg = Debug|Any CPU
		{28362F22-AE06-4A9D-991C-45916C64DAAC}.Debug|Any CPU.Build.0 = Debug|Any CPU
		{28362F22-AE06-4A9D-991C-45916C64DAAC}.Release|Any CPU.ActiveCfg = Release|Any CPU
		{28362F22-AE06-4A9D-991C-45916C64DAAC}.Release|Any CPU.Build.0 = Release|Any CPU
		{145D74B1-C4E0-4F5A-B88F-1F27C8EF4A15}.Debug|Any CPU.ActiveCfg = Debug|Any CPU
		{145D74B1-C4E0-4F5A-B88F-1F27C8EF4A15}.Debug|Any CPU.Build.0 = Debug|Any CPU
		{145D74B1-C4E0-4F5A-B88F-1F27C8EF4A15}.Release|Any CPU.ActiveCfg = Release|Any CPU
		{145D74B1-C4E0-4F5A-B88F-1F27C8EF4A15}.Release|Any CPU.Build.0 = Release|Any CPU
		{21F74F6D-1F1C-4D62-A962-8AE6AC2F609B}.Debug|Any CPU.ActiveCfg = Debug|Any CPU
		{21F74F6D-1F1C-4D62-A962-8AE6AC2F609B}.Debug|Any CPU.Build.0 = Debug|Any CPU
		{21F74F6D-1F1C-4D62-A962-8AE6AC2F609B}.Release|Any CPU.ActiveCfg = Release|Any CPU
		{21F74F6D-1F1C-4D62-A962-8AE6AC2F609B}.Release|Any CPU.Build.0 = Release|Any CPU
		{0ADB2995-2D63-4BBD-987D-1FCD818042F9}.Debug|Any CPU.ActiveCfg = Debug|Any CPU
		{0ADB2995-2D63-4BBD-987D-1FCD818042F9}.Debug|Any CPU.Build.0 = Debug|Any CPU
		{0ADB2995-2D63-4BBD-987D-1FCD818042F9}.Release|Any CPU.ActiveCfg = Release|Any CPU
		{0ADB2995-2D63-4BBD-987D-1FCD818042F9}.Release|Any CPU.Build.0 = Release|Any CPU
		{60E4783E-EC8C-480F-BA58-CC6C6661F8DE}.Debug|Any CPU.ActiveCfg = Debug|Any CPU
		{60E4783E-EC8C-480F-BA58-CC6C6661F8DE}.Debug|Any CPU.Build.0 = Debug|Any CPU
		{60E4783E-EC8C-480F-BA58-CC6C6661F8DE}.Release|Any CPU.ActiveCfg = Release|Any CPU
		{60E4783E-EC8C-480F-BA58-CC6C6661F8DE}.Release|Any CPU.Build.0 = Release|Any CPU
		{AB76472D-FC57-4C5D-B64D-0176F8977717}.Debug|Any CPU.ActiveCfg = Debug|Any CPU
		{AB76472D-FC57-4C5D-B64D-0176F8977717}.Debug|Any CPU.Build.0 = Debug|Any CPU
		{AB76472D-FC57-4C5D-B64D-0176F8977717}.Release|Any CPU.ActiveCfg = Release|Any CPU
		{AB76472D-FC57-4C5D-B64D-0176F8977717}.Release|Any CPU.Build.0 = Release|Any CPU
		{C8431B9D-AD6E-402D-B323-D6DE80278955}.Debug|Any CPU.ActiveCfg = Debug|Any CPU
		{C8431B9D-AD6E-402D-B323-D6DE80278955}.Debug|Any CPU.Build.0 = Debug|Any CPU
		{C8431B9D-AD6E-402D-B323-D6DE80278955}.Release|Any CPU.ActiveCfg = Release|Any CPU
		{C8431B9D-AD6E-402D-B323-D6DE80278955}.Release|Any CPU.Build.0 = Release|Any CPU
		{6CEA27B4-0A5F-44DD-B168-17DE1EBC6B43}.Debug|Any CPU.ActiveCfg = Debug|Any CPU
		{6CEA27B4-0A5F-44DD-B168-17DE1EBC6B43}.Debug|Any CPU.Build.0 = Debug|Any CPU
		{6CEA27B4-0A5F-44DD-B168-17DE1EBC6B43}.Release|Any CPU.ActiveCfg = Release|Any CPU
		{6CEA27B4-0A5F-44DD-B168-17DE1EBC6B43}.Release|Any CPU.Build.0 = Release|Any CPU
		{461F8B25-CF15-4F94-AF39-CCA7ABD06284}.Debug|Any CPU.ActiveCfg = Debug|Any CPU
		{461F8B25-CF15-4F94-AF39-CCA7ABD06284}.Debug|Any CPU.Build.0 = Debug|Any CPU
		{461F8B25-CF15-4F94-AF39-CCA7ABD06284}.Release|Any CPU.ActiveCfg = Release|Any CPU
		{461F8B25-CF15-4F94-AF39-CCA7ABD06284}.Release|Any CPU.Build.0 = Release|Any CPU
		{098D9F59-A19D-438D-A16C-CAAF16E88E2F}.Debug|Any CPU.ActiveCfg = Debug|Any CPU
		{098D9F59-A19D-438D-A16C-CAAF16E88E2F}.Debug|Any CPU.Build.0 = Debug|Any CPU
		{098D9F59-A19D-438D-A16C-CAAF16E88E2F}.Release|Any CPU.ActiveCfg = Release|Any CPU
		{098D9F59-A19D-438D-A16C-CAAF16E88E2F}.Release|Any CPU.Build.0 = Release|Any CPU
	EndGlobalSection
	GlobalSection(SolutionProperties) = preSolution
		HideSolutionNode = FALSE
	EndGlobalSection
	GlobalSection(NestedProjects) = preSolution
		{82B2E9A8-5A6F-42CE-847E-EF3CF4EB32F3} = {9FFEA284-A8F7-4608-8A05-71452E9A04BE}
		{D4F87B8F-50AE-4BEA-9D7D-AE61660C9587} = {9FFEA284-A8F7-4608-8A05-71452E9A04BE}
		{B456A960-DDCB-4937-A1F8-6AA963DD561A} = {09FD3D79-73C2-4C66-A356-48BD341A81F2}
		{9420BD3B-E41C-4646-BE00-B5B59B37B66C} = {09FD3D79-73C2-4C66-A356-48BD341A81F2}
		{D1B664B0-1742-44B5-BEAF-C88B3B12B402} = {9FFEA284-A8F7-4608-8A05-71452E9A04BE}
		{14E8DAA6-9557-47BA-9066-0D2ACFD6BDE7} = {09FD3D79-73C2-4C66-A356-48BD341A81F2}
		{14090BFB-5064-4C0F-8CBF-991FB2A491A6} = {A26AFFA5-E059-46E3-8F9D-3B2A7F01367E}
		{A3737936-8500-4976-8E8E-10F9B89E34FF} = {18D1B2CC-DCCA-446D-A0C0-604D59742C7D}
		{9D91988D-6FA8-4968-B967-CE9746A0A0FC} = {9FFEA284-A8F7-4608-8A05-71452E9A04BE}
		{55B3BD2B-1ABB-4ED0-B24D-4828D83AC824} = {D86E5395-8C96-4F3D-A419-B5DC6BA581DA}
		{5611097C-4C31-400D-A084-CE78F03A5C07} = {D86E5395-8C96-4F3D-A419-B5DC6BA581DA}
		{593025BB-C9DF-448E-B576-238AE96DC6D2} = {D86E5395-8C96-4F3D-A419-B5DC6BA581DA}
		{E7A6768E-D1A9-4914-95C7-13F41D545CA3} = {9FFEA284-A8F7-4608-8A05-71452E9A04BE}
		{0CD2125E-64CC-4D00-BD93-A93EF39B8740} = {BA9AB830-DAA2-4192-B710-BB30A61863B2}
		{0C7E089A-A090-4EA3-B595-713925D8DA6E} = {BA9AB830-DAA2-4192-B710-BB30A61863B2}
		{C3FE40B2-D9C0-4C6B-8109-9E540A7E61D4} = {9FFEA284-A8F7-4608-8A05-71452E9A04BE}
		{A509590E-6992-4B18-A5E0-F839A42DA31C} = {C3FE40B2-D9C0-4C6B-8109-9E540A7E61D4}
		{6B073E89-A439-483F-97D1-A7293EFC01D1} = {C3FE40B2-D9C0-4C6B-8109-9E540A7E61D4}
		{7594EC1A-0030-4F00-96F5-5A60446B2419} = {9FFEA284-A8F7-4608-8A05-71452E9A04BE}
		{1C6503B9-0151-4BD4-947E-BFC13DA3E5BB} = {7594EC1A-0030-4F00-96F5-5A60446B2419}
		{E1BB5026-953B-4764-85B6-85714343B3D1} = {7594EC1A-0030-4F00-96F5-5A60446B2419}
		{BC19F39E-9BC9-409E-9E9E-3AADA8E78ECD} = {7594EC1A-0030-4F00-96F5-5A60446B2419}
		{E464DD5B-C5FD-4C32-BA56-7528E7961E2E} = {7594EC1A-0030-4F00-96F5-5A60446B2419}
		{07FBEEED-BFB0-4622-AA56-9419C2007C61} = {D86E5395-8C96-4F3D-A419-B5DC6BA581DA}
		{93DA3EFA-FEF7-4454-AAF3-B17C099F3FBD} = {9FFEA284-A8F7-4608-8A05-71452E9A04BE}
		{BA9AB830-DAA2-4192-B710-BB30A61863B2} = {9FFEA284-A8F7-4608-8A05-71452E9A04BE}
		{09FD3D79-73C2-4C66-A356-48BD341A81F2} = {9FFEA284-A8F7-4608-8A05-71452E9A04BE}
		{3B7F6566-E7D0-466B-92CB-A74715F733FE} = {93DA3EFA-FEF7-4454-AAF3-B17C099F3FBD}
		{4AD90956-586B-4383-BC91-D1B9EB8308D7} = {7594EC1A-0030-4F00-96F5-5A60446B2419}
		{610D3371-B0CD-4638-9BD9-D76C07F6589C} = {D86E5395-8C96-4F3D-A419-B5DC6BA581DA}
		{48B0B6C3-B010-4766-9F43-22B11D7D06F2} = {93DA3EFA-FEF7-4454-AAF3-B17C099F3FBD}
		{136C803B-7C4F-4028-922A-E8FCD046D7D3} = {68DFEF09-1EA9-4127-9FD8-05EED1F974C7}
		{9E8890A9-6ABB-41A6-BBEC-F95269A74AFC} = {68DFEF09-1EA9-4127-9FD8-05EED1F974C7}
		{43C95602-5115-45E7-81F6-61B509C99141} = {68DFEF09-1EA9-4127-9FD8-05EED1F974C7}
		{1179566D-5D38-47B2-AE04-515A0FC36E6F} = {68DFEF09-1EA9-4127-9FD8-05EED1F974C7}
		{3F3C1D87-FF09-48C8-8363-42794B0196FD} = {68DFEF09-1EA9-4127-9FD8-05EED1F974C7}
		{8DBEC5F3-5999-4676-8CD3-0682CBFCCE46} = {68DFEF09-1EA9-4127-9FD8-05EED1F974C7}
		{28362F22-AE06-4A9D-991C-45916C64DAAC} = {68DFEF09-1EA9-4127-9FD8-05EED1F974C7}
		{145D74B1-C4E0-4F5A-B88F-1F27C8EF4A15} = {68DFEF09-1EA9-4127-9FD8-05EED1F974C7}
		{21F74F6D-1F1C-4D62-A962-8AE6AC2F609B} = {93DA3EFA-FEF7-4454-AAF3-B17C099F3FBD}
		{0ADB2995-2D63-4BBD-987D-1FCD818042F9} = {93DA3EFA-FEF7-4454-AAF3-B17C099F3FBD}
		{18D1B2CC-DCCA-446D-A0C0-604D59742C7D} = {9FFEA284-A8F7-4608-8A05-71452E9A04BE}
		{60E4783E-EC8C-480F-BA58-CC6C6661F8DE} = {18D1B2CC-DCCA-446D-A0C0-604D59742C7D}
		{AB76472D-FC57-4C5D-B64D-0176F8977717} = {93DA3EFA-FEF7-4454-AAF3-B17C099F3FBD}
		{C8431B9D-AD6E-402D-B323-D6DE80278955} = {9FFEA284-A8F7-4608-8A05-71452E9A04BE}
		{6CEA27B4-0A5F-44DD-B168-17DE1EBC6B43} = {D86E5395-8C96-4F3D-A419-B5DC6BA581DA}
		{461F8B25-CF15-4F94-AF39-CCA7ABD06284} = {D86E5395-8C96-4F3D-A419-B5DC6BA581DA}
		{098D9F59-A19D-438D-A16C-CAAF16E88E2F} = {9FFEA284-A8F7-4608-8A05-71452E9A04BE}
	EndGlobalSection
	GlobalSection(ExtensibilityGlobals) = postSolution
		SolutionGuid = {1ACABA5F-1D45-4A5D-8E38-B83B3DFDF05A}
	EndGlobalSection
EndGlobal
